
Microsoft Visual Studio Solution File, Format Version 12.00
# Visual Studio Version 17
VisualStudioVersion = 17.3.32929.385
MinimumVisualStudioVersion = 10.0.40219.1
Project("{9A19103F-16F7-4668-BE54-9A1E7A4F7556}") = "SportRadar.ScoreBoard", "SportRadar.ScoreBoard\SportRadar.ScoreBoard.csproj", "{8A3DAF4E-FD63-4761-B12B-A4E527FD7261}"
EndProject
Project("{9A19103F-16F7-4668-BE54-9A1E7A4F7556}") = "SportRadar.ScoreBoard.Test", "SportRadar.ScoreBoard.Test\SportRadar.ScoreBoard.Test.csproj", "{0760CB1E-4DEA-49FA-AE42-ACC17538C769}"
EndProject
Project("{FAE04EC0-301F-11D3-BF4B-00C04F79EFBC}") = "SportRadar.ScoreBoard.ConsoleApp", "SportRadar.ScoreBoard.ConsoleApp\SportRadar.ScoreBoard.ConsoleApp.csproj", "{B22DD5D6-BC69-47E9-8955-1B29CF20FA83}"
EndProject
Global
	GlobalSection(SolutionConfigurationPlatforms) = preSolution
		Debug|Any CPU = Debug|Any CPU
		Release|Any CPU = Release|Any CPU
	EndGlobalSection
	GlobalSection(ProjectConfigurationPlatforms) = postSolution
		{8A3DAF4E-FD63-4761-B12B-A4E527FD7261}.Debug|Any CPU.ActiveCfg = Debug|Any CPU
		{8A3DAF4E-FD63-4761-B12B-A4E527FD7261}.Debug|Any CPU.Build.0 = Debug|Any CPU
		{8A3DAF4E-FD63-4761-B12B-A4E527FD7261}.Release|Any CPU.ActiveCfg = Release|Any CPU
		{8A3DAF4E-FD63-4761-B12B-A4E527FD7261}.Release|Any CPU.Build.0 = Release|Any CPU
		{0760CB1E-4DEA-49FA-AE42-ACC17538C769}.Debug|Any CPU.ActiveCfg = Debug|Any CPU
		{0760CB1E-4DEA-49FA-AE42-ACC17538C769}.Debug|Any CPU.Build.0 = Debug|Any CPU
		{0760CB1E-4DEA-49FA-AE42-ACC17538C769}.Release|Any CPU.ActiveCfg = Release|Any CPU
		{0760CB1E-4DEA-49FA-AE42-ACC17538C769}.Release|Any CPU.Build.0 = Release|Any CPU
		{B22DD5D6-BC69-47E9-8955-1B29CF20FA83}.Debug|Any CPU.ActiveCfg = Debug|Any CPU
		{B22DD5D6-BC69-47E9-8955-1B29CF20FA83}.Debug|Any CPU.Build.0 = Debug|Any CPU
		{B22DD5D6-BC69-47E9-8955-1B29CF20FA83}.Release|Any CPU.ActiveCfg = Release|Any CPU
		{B22DD5D6-BC69-47E9-8955-1B29CF20FA83}.Release|Any CPU.Build.0 = Release|Any CPU
	EndGlobalSection
	GlobalSection(SolutionProperties) = preSolution
		HideSolutionNode = FALSE
	EndGlobalSection
	GlobalSection(ExtensibilityGlobals) = postSolution
		SolutionGuid = {D2A4DE2E-2C0B-4A1F-A11B-637438EA76C4}
	EndGlobalSection
EndGlobal
